
Microsoft Visual Studio Solution File, Format Version 12.00
# Visual Studio Version 17
VisualStudioVersion = 17.3.32929.385
MinimumVisualStudioVersion = 10.0.40219.1
Project("{2150E333-8FDC-42A3-9474-1A3956D46DE8}") = "FrontEnd", "FrontEnd", "{04C01B75-9373-4D2D-85B2-719957EBC063}"
EndProject
Project("{9A19103F-16F7-4668-BE54-9A1E7A4F7556}") = "Mango.Web", "Mango.Web\Mango.Web.csproj", "{E149BBAB-3018-4419-9039-5F6E4B602B0B}"
EndProject
Project("{2150E333-8FDC-42A3-9474-1A3956D46DE8}") = "Services", "Services", "{9364C3F1-557C-42A2-899A-E695651E5C78}"
EndProject
Project("{9A19103F-16F7-4668-BE54-9A1E7A4F7556}") = "Mango.Services.ProductAPI", "Mango.Services.ProductAPI\Mango.Services.ProductAPI.csproj", "{6B9D2243-F726-44DE-8382-EDA41B195101}"
EndProject
Global
	GlobalSection(SolutionConfigurationPlatforms) = preSolution
		Debug|Any CPU = Debug|Any CPU
		Release|Any CPU = Release|Any CPU
	EndGlobalSection
	GlobalSection(ProjectConfigurationPlatforms) = postSolution
		{E149BBAB-3018-4419-9039-5F6E4B602B0B}.Debug|Any CPU.ActiveCfg = Debug|Any CPU
		{E149BBAB-3018-4419-9039-5F6E4B602B0B}.Debug|Any CPU.Build.0 = Debug|Any CPU
		{E149BBAB-3018-4419-9039-5F6E4B602B0B}.Release|Any CPU.ActiveCfg = Release|Any CPU
		{E149BBAB-3018-4419-9039-5F6E4B602B0B}.Release|Any CPU.Build.0 = Release|Any CPU
		{6B9D2243-F726-44DE-8382-EDA41B195101}.Debug|Any CPU.ActiveCfg = Debug|Any CPU
		{6B9D2243-F726-44DE-8382-EDA41B195101}.Debug|Any CPU.Build.0 = Debug|Any CPU
		{6B9D2243-F726-44DE-8382-EDA41B195101}.Release|Any CPU.ActiveCfg = Release|Any CPU
		{6B9D2243-F726-44DE-8382-EDA41B195101}.Release|Any CPU.Build.0 = Release|Any CPU
	EndGlobalSection
	GlobalSection(SolutionProperties) = preSolution
		HideSolutionNode = FALSE
	EndGlobalSection
	GlobalSection(NestedProjects) = preSolution
		{E149BBAB-3018-4419-9039-5F6E4B602B0B} = {04C01B75-9373-4D2D-85B2-719957EBC063}
		{6B9D2243-F726-44DE-8382-EDA41B195101} = {9364C3F1-557C-42A2-899A-E695651E5C78}
	EndGlobalSection
	GlobalSection(ExtensibilityGlobals) = postSolution
		SolutionGuid = {24AD811A-0133-494C-B695-EBFB59FD9FDE}
	EndGlobalSection
EndGlobal
